lockVersion: 2.0.0
id: 98b99cc6-6531-426b-955a-c9719a88444a
management:
  docChecksum: 4cf9c744165eddd5e38e3c149389a9ef
  docVersion: 1.0.19
  speakeasyVersion: 1.390.3
  generationVersion: 2.409.3
  releaseVersion: 0.0.1
  configChecksum: 79700e52ea2841435574613eb9d54d27
features:
  typescript:
    acceptHeaders: 2.81.2
    additionalDependencies: 0.1.0
    constsAndDefaults: 0.1.11
    core: 3.16.0
    defaultEnabledRetries: 0.1.0
    devContainers: 2.90.0
    envVarSecurityUsage: 0.1.1
    globalSecurity: 2.82.11
    globalSecurityCallbacks: 0.1.0
    globalSecurityFlattening: 0.1.0
    globalServerURLs: 2.82.4
    methodSecurity: 2.82.4
    responseFormat: 0.2.3
    retries: 2.83.0
    sdkHooks: 0.1.0
    uploadStreams: 0.1.0
generatedFiles:
  - src/funcs/petUpdatePetForm.ts
  - src/funcs/petUpdatePetJson.ts
  - src/funcs/petUpdatePetRaw.ts
  - src/funcs/petAddPetJson.ts
  - src/funcs/petAddPetRaw.ts
  - src/funcs/petAddPetForm.ts
  - src/funcs/petFindPetsByStatus.ts
  - src/funcs/petFindPetsByTags.ts
  - src/funcs/petGetPetById.ts
  - src/funcs/petUpdatePetWithForm.ts
  - src/funcs/petDeletePet.ts
  - src/funcs/petUploadFile.ts
  - src/funcs/storeGetInventory.ts
  - src/funcs/storePlaceOrderJson.ts
  - src/funcs/storePlaceOrderRaw.ts
  - src/funcs/storePlaceOrderForm.ts
  - src/funcs/storeGetOrderById.ts
  - src/funcs/storeDeleteOrder.ts
  - src/funcs/userCreateUserJson.ts
  - src/funcs/userCreateUserRaw.ts
  - src/funcs/userCreateUserForm.ts
  - src/funcs/userCreateUsersWithListInput.ts
  - src/funcs/userLoginUser.ts
  - src/funcs/userLogoutUser.ts
  - src/funcs/userGetUserByName.ts
  - src/funcs/userUpdateUserJson.ts
  - src/funcs/userUpdateUserRaw.ts
  - src/funcs/userUpdateUserForm.ts
  - src/funcs/userDeleteUser.ts
  - src/sdk/pet.ts
  - src/sdk/store.ts
  - src/sdk/user.ts
  - src/sdk/sdk.ts
  - .eslintrc.cjs
  - .npmignore
  - FUNCTIONS.md
  - RUNTIMES.md
  - jsr.json
  - package.json
  - src/core.ts
  - src/index.ts
  - src/lib/base64.ts
  - src/lib/config.ts
  - src/lib/dlv.ts
  - src/lib/encodings.ts
  - src/lib/env.ts
  - src/lib/files.ts
  - src/lib/http.ts
  - src/lib/is-plain-object.ts
  - src/lib/logger.ts
  - src/lib/matchers.ts
  - src/lib/primitives.ts
  - src/lib/retries.ts
  - src/lib/schemas.ts
  - src/lib/sdks.ts
  - src/lib/security.ts
  - src/lib/url.ts
  - src/sdk/index.ts
  - src/models/errors/httpclienterrors.ts
  - src/models/errors/sdkerror.ts
  - src/models/errors/sdkvalidationerror.ts
  - src/types/blobs.ts
  - src/types/constdatetime.ts
  - src/types/enums.ts
  - src/types/fp.ts
  - src/types/index.ts
  - src/types/operations.ts
  - src/types/rfcdate.ts
  - src/types/streams.ts
  - tsconfig.json
  - src/models/operations/updatepetform.ts
  - src/models/operations/updatepetjson.ts
  - src/models/operations/updatepetraw.ts
  - src/models/operations/addpetjson.ts
  - src/models/operations/addpetraw.ts
  - src/models/operations/addpetform.ts
  - src/models/operations/findpetsbystatus.ts
  - src/models/operations/findpetsbytags.ts
  - src/models/operations/getpetbyid.ts
  - src/models/operations/updatepetwithform.ts
  - src/models/operations/deletepet.ts
  - src/models/operations/uploadfile.ts
  - src/models/operations/getinventory.ts
  - src/models/operations/getorderbyid.ts
  - src/models/operations/deleteorder.ts
  - src/models/operations/createuserjson.ts
  - src/models/operations/createuserraw.ts
  - src/models/operations/createuserform.ts
  - src/models/operations/createuserswithlistinput.ts
  - src/models/operations/loginuser.ts
  - src/models/operations/getuserbyname.ts
  - src/models/operations/updateuserjson.ts
  - src/models/operations/updateuserraw.ts
  - src/models/operations/updateuserform.ts
  - src/models/operations/deleteuser.ts
  - src/models/components/pet2.ts
  - src/models/components/tag.ts
  - src/models/components/category.ts
  - src/models/components/apiresponse.ts
  - src/models/components/order1.ts
  - src/models/components/user2.ts
  - src/models/components/security.ts
  - src/models/errors/index.ts
  - src/models/operations/index.ts
  - src/models/components/index.ts
  - docs/models/operations/updatepetformresponse.md
  - docs/models/operations/updatepetjsonresponse.md
  - docs/models/operations/updatepetrawresponse.md
  - docs/models/operations/addpetjsonresponse.md
  - docs/models/operations/addpetrawresponse.md
  - docs/models/operations/addpetformresponse.md
  - docs/models/operations/status.md
  - docs/models/operations/findpetsbystatusrequest.md
  - docs/models/operations/findpetsbystatusresponse.md
  - docs/models/operations/findpetsbytagsrequest.md
  - docs/models/operations/findpetsbytagsresponse.md
  - docs/models/operations/getpetbyidsecurity.md
  - docs/models/operations/getpetbyidrequest.md
  - docs/models/operations/getpetbyidresponse.md
  - docs/models/operations/updatepetwithformrequest.md
  - docs/models/operations/deletepetrequest.md
  - docs/models/operations/uploadfilerequest.md
  - docs/models/operations/getinventorysecurity.md
  - docs/models/operations/getorderbyidrequest.md
  - docs/models/operations/getorderbyidresponse.md
  - docs/models/operations/deleteorderrequest.md
  - docs/models/operations/createuserjsonresponse.md
  - docs/models/operations/createuserrawresponse.md
  - docs/models/operations/createuserformresponse.md
  - docs/models/operations/createuserswithlistinputresponse.md
  - docs/models/operations/loginuserrequest.md
  - docs/models/operations/loginuserresponseresult.md
  - docs/models/operations/loginuserresponse.md
  - docs/models/operations/getuserbynamerequest.md
  - docs/models/operations/getuserbynameresponse.md
  - docs/models/operations/updateuserjsonrequest.md
  - docs/models/operations/updateuserrawrequest.md
  - docs/models/operations/updateuserformrequest.md
  - docs/models/operations/deleteuserrequest.md
  - docs/models/components/status.md
  - docs/models/components/pet2.md
  - docs/models/components/tag.md
  - docs/models/components/category.md
  - docs/models/components/apiresponse.md
  - docs/models/components/orderstatus.md
  - docs/models/components/order1.md
  - docs/models/components/user2.md
  - docs/models/components/security.md
  - docs/sdks/petstore9424/README.md
  - docs/lib/utils/retryconfig.md
  - docs/sdks/pet/README.md
  - docs/sdks/store/README.md
  - docs/sdks/user/README.md
  - USAGE.md
  - .gitattributes
  - .devcontainer/README.md
  - .devcontainer/devcontainer.json
  - .devcontainer/setup.sh
  - src/hooks/hooks.ts
  - src/hooks/types.ts
  - src/hooks/index.ts
  - CONTRIBUTING.md
