speakeasyVersion: 1.398.0
sources:
    PetStore-9.4.24-OAS:
        sourceNamespace: pet-store-9-4-24-oas
        sourceRevisionDigest: sha256:617578641131119af4afd601b6bf6864561927f58c903060aba097fdd1ec359d
        sourceBlobDigest: sha256:7b8d9111019ec44f9530e3ecc65b6b2a5b113d282cba3e78ce4ee4972496b640
        tags:
            - latest
            - main
targets:
    pet-store-9424:
        source: PetStore-9.4.24-OAS
        sourceNamespace: pet-store-9-4-24-oas
        sourceRevisionDigest: sha256:617578641131119af4afd601b6bf6864561927f58c903060aba097fdd1ec359d
        sourceBlobDigest: sha256:7b8d9111019ec44f9530e3ecc65b6b2a5b113d282cba3e78ce4ee4972496b640
        codeSamplesNamespace: code-samples-typescript-pet-store-9424
        codeSamplesRevisionDigest: sha256:8fa29bcec6b4fdb9c2f7bbd2575aafd9d1854d76965126aa6db3ccf79fd2dec9
workflow:
    workflowVersion: 1.0.0
    speakeasyVersion: latest
    sources:
        PetStore-9.4.24-OAS:
            inputs:
                - location: https://petstore3.swagger.io/api/v3/openapi.json
            registry:
                location: registry.speakeasyapi.dev/loganinc/loganinc/pet-store-9-4-24-oas
    targets:
        pet-store-9424:
            target: typescript
            source: PetStore-9.4.24-OAS
            publish:
                npm:
                    token: $npm_token
            codeSamples:
                output: codeSamples.yaml
                registry:
                    location: registry.speakeasyapi.dev/loganinc/loganinc/code-samples-typescript-pet-store-9424
